
Microsoft Visual Studio Solution File, Format Version 12.00
# Visual Studio 15
VisualStudioVersion = 15.0.28307.489
MinimumVisualStudioVersion = 10.0.40219.1
Project("{8BC9CEB8-8B4A-11D0-8D11-00A0C91BC942}") = "Lesson 6C", "Lesson 6C\Lesson 6C.vcxproj", "{34C4E12E-942C-40FB-A2FF-B24F8629ACCE}"
EndProject
Global
	GlobalSection(SolutionConfigurationPlatforms) = preSolution
		Debug|x64 = Debug|x64
		Debug|x86 = Debug|x86
		Release|x64 = Release|x64
		Release|x86 = Release|x86
	EndGlobalSection
	GlobalSection(ProjectConfigurationPlatforms) = postSolution
		{34C4E12E-942C-40FB-A2FF-B24F8629ACCE}.Debug|x64.ActiveCfg = Debug|x64
		{34C4E12E-942C-40FB-A2FF-B24F8629ACCE}.Debug|x64.Build.0 = Debug|x64
		{34C4E12E-942C-40FB-A2FF-B24F8629ACCE}.Debug|x86.ActiveCfg = Debug|Win32
		{34C4E12E-942C-40FB-A2FF-B24F8629ACCE}.Debug|x86.Build.0 = Debug|Win32
		{34C4E12E-942C-40FB-A2FF-B24F8629ACCE}.Release|x64.ActiveCfg = Release|x64
		{34C4E12E-942C-40FB-A2FF-B24F8629ACCE}.Release|x64.Build.0 = Release|x64
		{34C4E12E-942C-40FB-A2FF-B24F8629ACCE}.Release|x86.ActiveCfg = Release|Win32
		{34C4E12E-942C-40FB-A2FF-B24F8629ACCE}.Release|x86.Build.0 = Release|Win32
	EndGlobalSection
	GlobalSection(SolutionProperties) = preSolution
		HideSolutionNode = FALSE
	EndGlobalSection
	GlobalSection(ExtensibilityGlobals) = postSolution
		SolutionGuid = {5B1ED40F-DB08-4FAF-926D-9475832A85E4}
	EndGlobalSection
EndGlobal
